// !$*UTF8*$!
{
	archiveVersion = 1;
	classes = {
	};
	objectVersion = 50;
	objects = {

/* Begin PBXBuildFile section */
		AAB2A722254671EA0038AF7D /* AppDelegate.m in Sources */ = {isa = PBXBuildFile; fileRef = AAB2A721254671EA0038AF7D /* AppDelegate.m */; };
		AAB2A725254671EA0038AF7D /* SceneDelegate.m in Sources */ = {isa = PBXBuildFile; fileRef = AAB2A724254671EA0038AF7D /* SceneDelegate.m */; };
		AAB2A728254671EA0038AF7D /* ViewController.m in Sources */ = {isa = PBXBuildFile; fileRef = AAB2A727254671EA0038AF7D /* ViewController.m */; };
		AAB2A72B254671EA0038AF7D /* Main.storyboard in Resources */ = {isa = PBXBuildFile; fileRef = AAB2A729254671EA0038AF7D /* Main.storyboard */; };
		AAB2A72D254671EC0038AF7D /* Assets.xcassets in Resources */ = {isa = PBXBuildFile; fileRef = AAB2A72C254671EC0038AF7D /* Assets.xcassets */; };
		AAB2A730254671EC0038AF7D /* LaunchScreen.storyboard in Resources */ = {isa = PBXBuildFile; fileRef = AAB2A72E254671EC0038AF7D /* LaunchScreen.storyboard */; };
		AAB2A733254671EC0038AF7D /* main.m in Sources */ = {isa = PBXBuildFile; fileRef = AAB2A732254671EC0038AF7D /* main.m */; };
		AAB2A73D254671EC0038AF7D /* LetsGoSNTests.m in Sources */ = {isa = PBXBuildFile; fileRef = AAB2A73C254671EC0038AF7D /* LetsGoSNTests.m */; };
		AAB2A748254671EC0038AF7D /* LetsGoSNUITests.m in Sources */ = {isa = PBXBuildFile; fileRef = AAB2A747254671EC0038AF7D /* LetsGoSNUITests.m */; };
		AAB2A75E2546745C0038AF7D /* MyViewController.m in Sources */ = {isa = PBXBuildFile; fileRef = AAB2A75D2546745C0038AF7D /* MyViewController.m */; };
		AABFFADE2551591F00835B20 /* HomeRecommendVC.m in Sources */ = {isa = PBXBuildFile; fileRef = AABFFADD2551591F00835B20 /* HomeRecommendVC.m */; };
		AABFFAE7255159CA00835B20 /* HomeRecommendVCCell.m in Sources */ = {isa = PBXBuildFile; fileRef = AABFFAE6255159CA00835B20 /* HomeRecommendVCCell.m */; };
		AABFFAED2551624800835B20 /* HomeLiveVC.m in Sources */ = {isa = PBXBuildFile; fileRef = AABFFAEC2551624800835B20 /* HomeLiveVC.m */; };
		AABFFAFD2551636400835B20 /* HomeHotVC.m in Sources */ = {isa = PBXBuildFile; fileRef = AABFFAFC2551636400835B20 /* HomeHotVC.m */; };
/* End PBXBuildFile section */

/* Begin PBXContainerItemProxy section */
		AAB2A739254671EC0038AF7D /* PBXContainerItemProxy */ = {
			isa = PBXContainerItemProxy;
			containerPortal = AAB2A715254671EA0038AF7D /* Project object */;
			proxyType = 1;
			remoteGlobalIDString = AAB2A71C254671EA0038AF7D;
			remoteInfo = LetsGoSN;
		};
		AAB2A744254671EC0038AF7D /* PBXContainerItemProxy */ = {
			isa = PBXContainerItemProxy;
			containerPortal = AAB2A715254671EA0038AF7D /* Project object */;
			proxyType = 1;
			remoteGlobalIDString = AAB2A71C254671EA0038AF7D;
			remoteInfo = LetsGoSN;
		};
/* End PBXContainerItemProxy section */

/* Begin PBXFileReference section */
		AAB2A71D254671EA0038AF7D /* LetsGoSN.app */ = {isa = PBXFileReference; explicitFileType = wrapper.application; includeInIndex = 0; path = LetsGoSN.app; sourceTree = BUILT_PRODUCTS_DIR; };
		AAB2A720254671EA0038AF7D /* AppDelegate.h */ = {isa = PBXFileReference; lastKnownFileType = sourcecode.c.h; path = AppDelegate.h; sourceTree = "<group>"; };
		AAB2A721254671EA0038AF7D /* AppDelegate.m */ = {isa = PBXFileReference; lastKnownFileType = sourcecode.c.objc; path = AppDelegate.m; sourceTree = "<group>"; };
		AAB2A723254671EA0038AF7D /* SceneDelegate.h */ = {isa = PBXFileReference; lastKnownFileType = sourcecode.c.h; path = SceneDelegate.h; sourceTree = "<group>"; };
		AAB2A724254671EA0038AF7D /* SceneDelegate.m */ = {isa = PBXFileReference; lastKnownFileType = sourcecode.c.objc; path = SceneDelegate.m; sourceTree = "<group>"; };
		AAB2A726254671EA0038AF7D /* ViewController.h */ = {isa = PBXFileReference; lastKnownFileType = sourcecode.c.h; path = ViewController.h; sourceTree = "<group>"; };
		AAB2A727254671EA0038AF7D /* ViewController.m */ = {isa = PBXFileReference; lastKnownFileType = sourcecode.c.objc; path = ViewController.m; sourceTree = "<group>"; };
		AAB2A72A254671EA0038AF7D /* Base */ = {isa = PBXFileReference; lastKnownFileType = file.storyboard; name = Base; path = Base.lproj/Main.storyboard; sourceTree = "<group>"; };
		AAB2A72C254671EC0038AF7D /* Assets.xcassets */ = {isa = PBXFileReference; lastKnownFileType = folder.assetcatalog; path = Assets.xcassets; sourceTree = "<group>"; };
		AAB2A72F254671EC0038AF7D /* Base */ = {isa = PBXFileReference; lastKnownFileType = file.storyboard; name = Base; path = Base.lproj/LaunchScreen.storyboard; sourceTree = "<group>"; };
		AAB2A731254671EC0038AF7D /* Info.plist */ = {isa = PBXFileReference; lastKnownFileType = text.plist.xml; path = Info.plist; sourceTree = "<group>"; };
		AAB2A732254671EC0038AF7D /* main.m */ = {isa = PBXFileReference; lastKnownFileType = sourcecode.c.objc; path = main.m; sourceTree = "<group>"; };
		AAB2A738254671EC0038AF7D /* LetsGoSNTests.xctest */ = {isa = PBXFileReference; explicitFileType = wrapper.cfbundle; includeInIndex = 0; path = LetsGoSNTests.xctest; sourceTree = BUILT_PRODUCTS_DIR; };
		AAB2A73C254671EC0038AF7D /* LetsGoSNTests.m */ = {isa = PBXFileReference; lastKnownFileType = sourcecode.c.objc; path = LetsGoSNTests.m; sourceTree = "<group>"; };
		AAB2A73E254671EC0038AF7D /* Info.plist */ = {isa = PBXFileReference; lastKnownFileType = text.plist.xml; path = Info.plist; sourceTree = "<group>"; };
		AAB2A743254671EC0038AF7D /* LetsGoSNUITests.xctest */ = {isa = PBXFileReference; explicitFileType = wrapper.cfbundle; includeInIndex = 0; path = LetsGoSNUITests.xctest; sourceTree = BUILT_PRODUCTS_DIR; };
		AAB2A747254671EC0038AF7D /* LetsGoSNUITests.m */ = {isa = PBXFileReference; lastKnownFileType = sourcecode.c.objc; path = LetsGoSNUITests.m; sourceTree = "<group>"; };
		AAB2A749254671EC0038AF7D /* Info.plist */ = {isa = PBXFileReference; lastKnownFileType = text.plist.xml; path = Info.plist; sourceTree = "<group>"; };
		AAB2A75C2546745C0038AF7D /* MyViewController.h */ = {isa = PBXFileReference; lastKnownFileType = sourcecode.c.h; path = MyViewController.h; sourceTree = "<group>"; };
		AAB2A75D2546745C0038AF7D /* MyViewController.m */ = {isa = PBXFileReference; lastKnownFileType = sourcecode.c.objc; path = MyViewController.m; sourceTree = "<group>"; };
		AABFFADC2551591F00835B20 /* HomeRecommendVC.h */ = {isa = PBXFileReference; lastKnownFileType = sourcecode.c.h; path = HomeRecommendVC.h; sourceTree = "<group>"; };
		AABFFADD2551591F00835B20 /* HomeRecommendVC.m */ = {isa = PBXFileReference; lastKnownFileType = sourcecode.c.objc; path = HomeRecommendVC.m; sourceTree = "<group>"; };
		AABFFAE5255159CA00835B20 /* HomeRecommendVCCell.h */ = {isa = PBXFileReference; lastKnownFileType = sourcecode.c.h; path = HomeRecommendVCCell.h; sourceTree = "<group>"; };
		AABFFAE6255159CA00835B20 /* HomeRecommendVCCell.m */ = {isa = PBXFileReference; lastKnownFileType = sourcecode.c.objc; path = HomeRecommendVCCell.m; sourceTree = "<group>"; };
		AABFFAEB2551624800835B20 /* HomeLiveVC.h */ = {isa = PBXFileReference; lastKnownFileType = sourcecode.c.h; path = HomeLiveVC.h; sourceTree = "<group>"; };
		AABFFAEC2551624800835B20 /* HomeLiveVC.m */ = {isa = PBXFileReference; lastKnownFileType = sourcecode.c.objc; path = HomeLiveVC.m; sourceTree = "<group>"; };
		AABFFAFB2551636400835B20 /* HomeHotVC.h */ = {isa = PBXFileReference; lastKnownFileType = sourcecode.c.h; path = HomeHotVC.h; sourceTree = "<group>"; };
		AABFFAFC2551636400835B20 /* HomeHotVC.m */ = {isa = PBXFileReference; lastKnownFileType = sourcecode.c.objc; path = HomeHotVC.m; sourceTree = "<group>"; };
/* End PBXFileReference section */

/* Begin PBXFrameworksBuildPhase section */
		AAB2A71A254671EA0038AF7D /* Frameworks */ = {
			isa = PBXFrameworksBuildPhase;
			buildActionMask = 2147483647;
			files = (
			);
			runOnlyForDeploymentPostprocessing = 0;
		};
		AAB2A735254671EC0038AF7D /* Frameworks */ = {
			isa = PBXFrameworksBuildPhase;
			buildActionMask = 2147483647;
			files = (
			);
			runOnlyForDeploymentPostprocessing = 0;
		};
		AAB2A740254671EC0038AF7D /* Frameworks */ = {
			isa = PBXFrameworksBuildPhase;
			buildActionMask = 2147483647;
			files = (
			);
			runOnlyForDeploymentPostprocessing = 0;
		};
/* End PBXFrameworksBuildPhase section */

/* Begin PBXGroup section */
		AA96394F25467F41004AA620 /* Navagation */ = {
			isa = PBXGroup;
			children = (
				AABFFAFA2551632300835B20 /* ChannelVC */,
				AABFFADB255158A800835B20 /* HomeVC */,
			);
			path = Navagation;
			sourceTree = "<group>";
		};
		AAB2A714254671EA0038AF7D = {
			isa = PBXGroup;
			children = (
				AAB2A71F254671EA0038AF7D /* LetsGoSN */,
				AAB2A73B254671EC0038AF7D /* LetsGoSNTests */,
				AAB2A746254671EC0038AF7D /* LetsGoSNUITests */,
				AAB2A71E254671EA0038AF7D /* Products */,
			);
			sourceTree = "<group>";
		};
		AAB2A71E254671EA0038AF7D /* Products */ = {
			isa = PBXGroup;
			children = (
				AAB2A71D254671EA0038AF7D /* LetsGoSN.app */,
				AAB2A738254671EC0038AF7D /* LetsGoSNTests.xctest */,
				AAB2A743254671EC0038AF7D /* LetsGoSNUITests.xctest */,
			);
			name = Products;
			sourceTree = "<group>";
		};
		AAB2A71F254671EA0038AF7D /* LetsGoSN */ = {
			isa = PBXGroup;
			children = (
				AAB2A7582546722E0038AF7D /* Pages */,
				AAB2A720254671EA0038AF7D /* AppDelegate.h */,
				AAB2A721254671EA0038AF7D /* AppDelegate.m */,
				AAB2A723254671EA0038AF7D /* SceneDelegate.h */,
				AAB2A724254671EA0038AF7D /* SceneDelegate.m */,
				AAB2A726254671EA0038AF7D /* ViewController.h */,
				AAB2A727254671EA0038AF7D /* ViewController.m */,
				AAB2A729254671EA0038AF7D /* Main.storyboard */,
				AAB2A72C254671EC0038AF7D /* Assets.xcassets */,
				AAB2A72E254671EC0038AF7D /* LaunchScreen.storyboard */,
				AAB2A731254671EC0038AF7D /* Info.plist */,
				AAB2A732254671EC0038AF7D /* main.m */,
			);
			path = LetsGoSN;
			sourceTree = "<group>";
		};
		AAB2A73B254671EC0038AF7D /* LetsGoSNTests */ = {
			isa = PBXGroup;
			children = (
				AAB2A73C254671EC0038AF7D /* LetsGoSNTests.m */,
				AAB2A73E254671EC0038AF7D /* Info.plist */,
			);
			path = LetsGoSNTests;
			sourceTree = "<group>";
		};
		AAB2A746254671EC0038AF7D /* LetsGoSNUITests */ = {
			isa = PBXGroup;
			children = (
				AAB2A747254671EC0038AF7D /* LetsGoSNUITests.m */,
				AAB2A749254671EC0038AF7D /* Info.plist */,
			);
			path = LetsGoSNUITests;
			sourceTree = "<group>";
		};
		AAB2A7582546722E0038AF7D /* Pages */ = {
			isa = PBXGroup;
			children = (
				AABFFAE32551599800835B20 /* Data */,
				AA96394F25467F41004AA620 /* Navagation */,
				AAB2A75C2546745C0038AF7D /* MyViewController.h */,
				AAB2A75D2546745C0038AF7D /* MyViewController.m */,
			);
			path = Pages;
			sourceTree = "<group>";
		};
		AABFFADB255158A800835B20 /* HomeVC */ = {
			isa = PBXGroup;
			children = (
				AABFFADC2551591F00835B20 /* HomeRecommendVC.h */,
				AABFFADD2551591F00835B20 /* HomeRecommendVC.m */,
				AABFFAEB2551624800835B20 /* HomeLiveVC.h */,
				AABFFAEC2551624800835B20 /* HomeLiveVC.m */,
				AABFFAFB2551636400835B20 /* HomeHotVC.h */,
				AABFFAFC2551636400835B20 /* HomeHotVC.m */,
			);
			path = HomeVC;
			sourceTree = "<group>";
		};
		AABFFAE32551599800835B20 /* Data */ = {
			isa = PBXGroup;
			children = (
				AABFFAE4255159A100835B20 /* HomeVCData */,
			);
			path = Data;
			sourceTree = "<group>";
		};
		AABFFAE4255159A100835B20 /* HomeVCData */ = {
			isa = PBXGroup;
			children = (
				AABFFAE5255159CA00835B20 /* HomeRecommendVCCell.h */,
				AABFFAE6255159CA00835B20 /* HomeRecommendVCCell.m */,
			);
			path = HomeVCData;
			sourceTree = "<group>";
		};
		AABFFAFA2551632300835B20 /* ChannelVC */ = {
			isa = PBXGroup;
			children = (
			);
			path = ChannelVC;
			sourceTree = "<group>";
		};
/* End PBXGroup section */

/* Begin PBXNativeTarget section */
		AAB2A71C254671EA0038AF7D /* LetsGoSN */ = {
			isa = PBXNativeTarget;
			buildConfigurationList = AAB2A74C254671EC0038AF7D /* Build configuration list for PBXNativeTarget "LetsGoSN" */;
			buildPhases = (
				AAB2A719254671EA0038AF7D /* Sources */,
				AAB2A71A254671EA0038AF7D /* Frameworks */,
				AAB2A71B254671EA0038AF7D /* Resources */,
			);
			buildRules = (
			);
			dependencies = (
			);
			name = LetsGoSN;
			productName = LetsGoSN;
			productReference = AAB2A71D254671EA0038AF7D /* LetsGoSN.app */;
			productType = "com.apple.product-type.application";
		};
		AAB2A737254671EC0038AF7D /* LetsGoSNTests */ = {
			isa = PBXNativeTarget;
			buildConfigurationList = AAB2A74F254671EC0038AF7D /* Build configuration list for PBXNativeTarget "LetsGoSNTests" */;
			buildPhases = (
				AAB2A734254671EC0038AF7D /* Sources */,
				AAB2A735254671EC0038AF7D /* Frameworks */,
				AAB2A736254671EC0038AF7D /* Resources */,
			);
			buildRules = (
			);
			dependencies = (
				AAB2A73A254671EC0038AF7D /* PBXTargetDependency */,
			);
			name = LetsGoSNTests;
			productName = LetsGoSNTests;
			productReference = AAB2A738254671EC0038AF7D /* LetsGoSNTests.xctest */;
			productType = "com.apple.product-type.bundle.unit-test";
		};
		AAB2A742254671EC0038AF7D /* LetsGoSNUITests */ = {
			isa = PBXNativeTarget;
			buildConfigurationList = AAB2A752254671EC0038AF7D /* Build configuration list for PBXNativeTarget "LetsGoSNUITests" */;
			buildPhases = (
				AAB2A73F254671EC0038AF7D /* Sources */,
				AAB2A740254671EC0038AF7D /* Frameworks */,
				AAB2A741254671EC0038AF7D /* Resources */,
			);
			buildRules = (
			);
			dependencies = (
				AAB2A745254671EC0038AF7D /* PBXTargetDependency */,
			);
			name = LetsGoSNUITests;
			productName = LetsGoSNUITests;
			productReference = AAB2A743254671EC0038AF7D /* LetsGoSNUITests.xctest */;
			productType = "com.apple.product-type.bundle.ui-testing";
		};
/* End PBXNativeTarget section */

/* Begin PBXProject section */
		AAB2A715254671EA0038AF7D /* Project object */ = {
			isa = PBXProject;
			attributes = {
				LastUpgradeCheck = 1210;
				TargetAttributes = {
					AAB2A71C254671EA0038AF7D = {
						CreatedOnToolsVersion = 12.1;
					};
					AAB2A737254671EC0038AF7D = {
						CreatedOnToolsVersion = 12.1;
						TestTargetID = AAB2A71C254671EA0038AF7D;
					};
					AAB2A742254671EC0038AF7D = {
						CreatedOnToolsVersion = 12.1;
						TestTargetID = AAB2A71C254671EA0038AF7D;
					};
				};
			};
			buildConfigurationList = AAB2A718254671EA0038AF7D /* Build configuration list for PBXProject "LetsGoSN" */;
			compatibilityVersion = "Xcode 9.3";
			developmentRegion = en;
			hasScannedForEncodings = 0;
			knownRegions = (
				en,
				Base,
			);
			mainGroup = AAB2A714254671EA0038AF7D;
			productRefGroup = AAB2A71E254671EA0038AF7D /* Products */;
			projectDirPath = "";
			projectRoot = "";
			targets = (
				AAB2A71C254671EA0038AF7D /* LetsGoSN */,
				AAB2A737254671EC0038AF7D /* LetsGoSNTests */,
				AAB2A742254671EC0038AF7D /* LetsGoSNUITests */,
			);
		};
/* End PBXProject section */

/* Begin PBXResourcesBuildPhase section */
		AAB2A71B254671EA0038AF7D /* Resources */ = {
			isa = PBXResourcesBuildPhase;
			buildActionMask = 2147483647;
			files = (
				AAB2A730254671EC0038AF7D /* LaunchScreen.storyboard in Resources */,
				AAB2A72D254671EC0038AF7D /* Assets.xcassets in Resources */,
				AAB2A72B254671EA0038AF7D /* Main.storyboard in Resources */,
			);
			runOnlyForDeploymentPostprocessing = 0;
		};
		AAB2A736254671EC0038AF7D /* Resources */ = {
			isa = PBXResourcesBuildPhase;
			buildActionMask = 2147483647;
			files = (
			);
			runOnlyForDeploymentPostprocessing = 0;
		};
		AAB2A741254671EC0038AF7D /* Resources */ = {
			isa = PBXResourcesBuildPhase;
			buildActionMask = 2147483647;
			files = (
			);
			runOnlyForDeploymentPostprocessing = 0;
		};
/* End PBXResourcesBuildPhase section */

/* Begin PBXSourcesBuildPhase section */
		AAB2A719254671EA0038AF7D /* Sources */ = {
			isa = PBXSourcesBuildPhase;
			buildActionMask = 2147483647;
			files = (
				AAB2A728254671EA0038AF7D /* ViewController.m in Sources */,
				AAB2A722254671EA0038AF7D /* AppDelegate.m in Sources */,
				AABFFAED2551624800835B20 /* HomeLiveVC.m in Sources */,
				AABFFADE2551591F00835B20 /* HomeRecommendVC.m in Sources */,
				AABFFAE7255159CA00835B20 /* HomeRecommendVCCell.m in Sources */,
				AAB2A733254671EC0038AF7D /* main.m in Sources */,
				AAB2A725254671EA0038AF7D /* SceneDelegate.m in Sources */,
				AAB2A75E2546745C0038AF7D /* MyViewController.m in Sources */,
				AABFFAFD2551636400835B20 /* HomeHotVC.m in Sources */,
			);
			runOnlyForDeploymentPostprocessing = 0;
		};
		AAB2A734254671EC0038AF7D /* Sources */ = {
			isa = PBXSourcesBuildPhase;
			buildActionMask = 2147483647;
			files = (
				AAB2A73D254671EC0038AF7D /* LetsGoSNTests.m in Sources */,
			);
			runOnlyForDeploymentPostprocessing = 0;
		};
		AAB2A73F254671EC0038AF7D /* Sources */ = {
			isa = PBXSourcesBuildPhase;
			buildActionMask = 2147483647;
			files = (
				AAB2A748254671EC0038AF7D /* LetsGoSNUITests.m in Sources */,
			);
			runOnlyForDeploymentPostprocessing = 0;
		};
/* End PBXSourcesBuildPhase section */

/* Begin PBXTargetDependency section */
		AAB2A73A254671EC0038AF7D /* PBXTargetDependency */ = {
			isa = PBXTargetDependency;
			target = AAB2A71C254671EA0038AF7D /* LetsGoSN */;
			targetProxy = AAB2A739254671EC0038AF7D /* PBXContainerItemProxy */;
		};
		AAB2A745254671EC0038AF7D /* PBXTargetDependency */ = {
			isa = PBXTargetDependency;
			target = AAB2A71C254671EA0038AF7D /* LetsGoSN */;
			targetProxy = AAB2A744254671EC0038AF7D /* PBXContainerItemProxy */;
		};
/* End PBXTargetDependency section */

/* Begin PBXVariantGroup section */
		AAB2A729254671EA0038AF7D /* Main.storyboard */ = {
			isa = PBXVariantGroup;
			children = (
				AAB2A72A254671EA0038AF7D /* Base */,
			);
			name = Main.storyboard;
			sourceTree = "<group>";
		};
		AAB2A72E254671EC0038AF7D /* LaunchScreen.storyboard */ = {
			isa = PBXVariantGroup;
			children = (
				AAB2A72F254671EC0038AF7D /* Base */,
			);
			name = LaunchScreen.storyboard;
			sourceTree = "<group>";
		};
/* End PBXVariantGroup section */

/* Begin XCBuildConfiguration section */
		AAB2A74A254671EC0038AF7D /* Debug */ = {
			isa = XCBuildConfiguration;
			buildSettings = {
				ALWAYS_SEARCH_USER_PATHS = NO;
				CLANG_ANALYZER_NONNULL = YES;
				CLANG_ANALYZER_NUMBER_OBJECT_CONVERSION = YES_AGGRESSIVE;
				CLANG_CXX_LANGUAGE_STANDARD = "gnu++14";
				CLANG_CXX_LIBRARY = "libc++";
				CLANG_ENABLE_MODULES = YES;
				CLANG_ENABLE_OBJC_ARC = YES;
				CLANG_ENABLE_OBJC_WEAK = YES;
				CLANG_WARN_BLOCK_CAPTURE_AUTORELEASING = YES;
				CLANG_WARN_BOOL_CONVERSION = YES;
				CLANG_WARN_COMMA = YES;
				CLANG_WARN_CONSTANT_CONVERSION = YES;
				CLANG_WARN_DEPRECATED_OBJC_IMPLEMENTATIONS = YES;
				CLANG_WARN_DIRECT_OBJC_ISA_USAGE = YES_ERROR;
				CLANG_WARN_DOCUMENTATION_COMMENTS = YES;
				CLANG_WARN_EMPTY_BODY = YES;
				CLANG_WARN_ENUM_CONVERSION = YES;
				CLANG_WARN_INFINITE_RECURSION = YES;
				CLANG_WARN_INT_CONVERSION = YES;
				CLANG_WARN_NON_LITERAL_NULL_CONVERSION = YES;
				CLANG_WARN_OBJC_IMPLICIT_RETAIN_SELF = YES;
				CLANG_WARN_OBJC_LITERAL_CONVERSION = YES;
				CLANG_WARN_OBJC_ROOT_CLASS = YES_ERROR;
				CLANG_WARN_QUOTED_INCLUDE_IN_FRAMEWORK_HEADER = YES;
				CLANG_WARN_RANGE_LOOP_ANALYSIS = YES;
				CLANG_WARN_STRICT_PROTOTYPES = YES;
				CLANG_WARN_SUSPICIOUS_MOVE = YES;
				CLANG_WARN_UNGUARDED_AVAILABILITY = YES_AGGRESSIVE;
				CLANG_WARN_UNREACHABLE_CODE = YES;
				CLANG_WARN__DUPLICATE_METHOD_MATCH = YES;
				COPY_PHASE_STRIP = NO;
				DEBUG_INFORMATION_FORMAT = dwarf;
				ENABLE_STRICT_OBJC_MSGSEND = YES;
				ENABLE_TESTABILITY = YES;
				GCC_C_LANGUAGE_STANDARD = gnu11;
				GCC_DYNAMIC_NO_PIC = NO;
				GCC_NO_COMMON_BLOCKS = YES;
				GCC_OPTIMIZATION_LEVEL = 0;
				GCC_PREPROCESSOR_DEFINITIONS = (
					"DEBUG=1",
					"$(inherited)",
				);
				GCC_WARN_64_TO_32_BIT_CONVERSION = YES;
				GCC_WARN_ABOUT_RETURN_TYPE = YES_ERROR;
				GCC_WARN_UNDECLARED_SELECTOR = YES;
				GCC_WARN_UNINITIALIZED_AUTOS = YES_AGGRESSIVE;
				GCC_WARN_UNUSED_FUNCTION = YES;
				GCC_WARN_UNUSED_VARIABLE = YES;
				IPHONEOS_DEPLOYMENT_TARGET = 14.1;
				MTL_ENABLE_DEBUG_INFO = INCLUDE_SOURCE;
				MTL_FAST_MATH = YES;
				ONLY_ACTIVE_ARCH = YES;
				SDKROOT = iphoneos;
			};
			name = Debug;
		};
		AAB2A74B254671EC0038AF7D /* Release */ = {
			isa = XCBuildConfiguration;
			buildSettings = {
				ALWAYS_SEARCH_USER_PATHS = NO;
				CLANG_ANALYZER_NONNULL = YES;
				CLANG_ANALYZER_NUMBER_OBJECT_CONVERSION = YES_AGGRESSIVE;
				CLANG_CXX_LANGUAGE_STANDARD = "gnu++14";
				CLANG_CXX_LIBRARY = "libc++";
				CLANG_ENABLE_MODULES = YES;
				CLANG_ENABLE_OBJC_ARC = YES;
				CLANG_ENABLE_OBJC_WEAK = YES;
				CLANG_WARN_BLOCK_CAPTURE_AUTORELEASING = YES;
				CLANG_WARN_BOOL_CONVERSION = YES;
				CLANG_WARN_COMMA = YES;
				CLANG_WARN_CONSTANT_CONVERSION = YES;
				CLANG_WARN_DEPRECATED_OBJC_IMPLEMENTATIONS = YES;
				CLANG_WARN_DIRECT_OBJC_ISA_USAGE = YES_ERROR;
				CLANG_WARN_DOCUMENTATION_COMMENTS = YES;
				CLANG_WARN_EMPTY_BODY = YES;
				CLANG_WARN_ENUM_CONVERSION = YES;
				CLANG_WARN_INFINITE_RECURSION = YES;
				CLANG_WARN_INT_CONVERSION = YES;
				CLANG_WARN_NON_LITERAL_NULL_CONVERSION = YES;
				CLANG_WARN_OBJC_IMPLICIT_RETAIN_SELF = YES;
				CLANG_WARN_OBJC_LITERAL_CONVERSION = YES;
				CLANG_WARN_OBJC_ROOT_CLASS = YES_ERROR;
				CLANG_WARN_QUOTED_INCLUDE_IN_FRAMEWORK_HEADER = YES;
				CLANG_WARN_RANGE_LOOP_ANALYSIS = YES;
				CLANG_WARN_STRICT_PROTOTYPES = YES;
				CLANG_WARN_SUSPICIOUS_MOVE = YES;
				CLANG_WARN_UNGUARDED_AVAILABILITY = YES_AGGRESSIVE;
				CLANG_WARN_UNREACHABLE_CODE = YES;
				CLANG_WARN__DUPLICATE_METHOD_MATCH = YES;
				COPY_PHASE_STRIP = NO;
				DEBUG_INFORMATION_FORMAT = "dwarf-with-dsym";
				ENABLE_NS_ASSERTIONS = NO;
				ENABLE_STRICT_OBJC_MSGSEND = YES;
				GCC_C_LANGUAGE_STANDARD = gnu11;
				GCC_NO_COMMON_BLOCKS = YES;
				GCC_WARN_64_TO_32_BIT_CONVERSION = YES;
				GCC_WARN_ABOUT_RETURN_TYPE = YES_ERROR;
				GCC_WARN_UNDECLARED_SELECTOR = YES;
				GCC_WARN_UNINITIALIZED_AUTOS = YES_AGGRESSIVE;
				GCC_WARN_UNUSED_FUNCTION = YES;
				GCC_WARN_UNUSED_VARIABLE = YES;
				IPHONEOS_DEPLOYMENT_TARGET = 14.1;
				MTL_ENABLE_DEBUG_INFO = NO;
				MTL_FAST_MATH = YES;
				SDKROOT = iphoneos;
				VALIDATE_PRODUCT = YES;
			};
			name = Release;
		};
		AAB2A74D254671EC0038AF7D /* Debug */ = {
			isa = XCBuildConfiguration;
			buildSettings = {
				ASSETCATALOG_COMPILER_APPICON_NAME = AppIcon;
				ASSETCATALOG_COMPILER_GLOBAL_ACCENT_COLOR_NAME = AccentColor;
				CODE_SIGN_STYLE = Automatic;
				DEVELOPMENT_TEAM = 3YBGBD28J6;
				INFOPLIST_FILE = LetsGoSN/Info.plist;
				IPHONEOS_DEPLOYMENT_TARGET = 13.0;
				LD_RUNPATH_SEARCH_PATHS = (
					"$(inherited)",
					"@executable_path/Frameworks",
				);
				PRODUCT_BUNDLE_IDENTIFIER = com.mantou.LetsGoSN;
				PRODUCT_NAME = "$(TARGET_NAME)";
				TARGETED_DEVICE_FAMILY = "1,2";
			};
			name = Debug;
		};
		AAB2A74E254671EC0038AF7D /* Release */ = {
			isa = XCBuildConfiguration;
			buildSettings = {
				ASSETCATALOG_COMPILER_APPICON_NAME = AppIcon;
				ASSETCATALOG_COMPILER_GLOBAL_ACCENT_COLOR_NAME = AccentColor;
				CODE_SIGN_STYLE = Automatic;
				DEVELOPMENT_TEAM = 3YBGBD28J6;
				INFOPLIST_FILE = LetsGoSN/Info.plist;
				IPHONEOS_DEPLOYMENT_TARGET = 13.0;
				LD_RUNPATH_SEARCH_PATHS = (
					"$(inherited)",
					"@executable_path/Frameworks",
				);
				PRODUCT_BUNDLE_IDENTIFIER = com.mantou.LetsGoSN;
				PRODUCT_NAME = "$(TARGET_NAME)";
				TARGETED_DEVICE_FAMILY = "1,2";
			};
			name = Release;
		};
		AAB2A750254671EC0038AF7D /* Debug */ = {
			isa = XCBuildConfiguration;
			buildSettings = {
				BUNDLE_LOADER = "$(TEST_HOST)";
				CODE_SIGN_STYLE = Automatic;
				DEVELOPMENT_TEAM = 3YBGBD28J6;
				INFOPLIST_FILE = LetsGoSNTests/Info.plist;
				IPHONEOS_DEPLOYMENT_TARGET = 14.1;
				LD_RUNPATH_SEARCH_PATHS = (
					"$(inherited)",
					"@executable_path/Frameworks",
					"@loader_path/Frameworks",
				);
				PRODUCT_BUNDLE_IDENTIFIER = com.mantou.LetsGoSNTests;
				PRODUCT_NAME = "$(TARGET_NAME)";
				TARGETED_DEVICE_FAMILY = "1,2";
				TEST_HOST = "$(BUILT_PRODUCTS_DIR)/LetsGoSN.app/LetsGoSN";
			};
			name = Debug;
		};
		AAB2A751254671EC0038AF7D /* Release */ = {
			isa = XCBuildConfiguration;
			buildSettings = {
				BUNDLE_LOADER = "$(TEST_HOST)";
				CODE_SIGN_STYLE = Automatic;
				DEVELOPMENT_TEAM = 3YBGBD28J6;
				INFOPLIST_FILE = LetsGoSNTests/Info.plist;
				IPHONEOS_DEPLOYMENT_TARGET = 14.1;
				LD_RUNPATH_SEARCH_PATHS = (
					"$(inherited)",
					"@executable_path/Frameworks",
					"@loader_path/Frameworks",
				);
				PRODUCT_BUNDLE_IDENTIFIER = com.mantou.LetsGoSNTests;
				PRODUCT_NAME = "$(TARGET_NAME)";
				TARGETED_DEVICE_FAMILY = "1,2";
				TEST_HOST = "$(BUILT_PRODUCTS_DIR)/LetsGoSN.app/LetsGoSN";
			};
			name = Release;
		};
		AAB2A753254671EC0038AF7D /* Debug */ = {
			isa = XCBuildConfiguration;
			buildSettings = {
				CODE_SIGN_STYLE = Automatic;
				DEVELOPMENT_TEAM = 3YBGBD28J6;
				INFOPLIST_FILE = LetsGoSNUITests/Info.plist;
				LD_RUNPATH_SEARCH_PATHS = (
					"$(inherited)",
					"@executable_path/Frameworks",
					"@loader_path/Frameworks",
				);
				PRODUCT_BUNDLE_IDENTIFIER = com.mantou.LetsGoSNUITests;
				PRODUCT_NAME = "$(TARGET_NAME)";
				TARGETED_DEVICE_FAMILY = "1,2";
				TEST_TARGET_NAME = LetsGoSN;
			};
			name = Debug;
		};
		AAB2A754254671EC0038AF7D /* Release */ = {
			isa = XCBuildConfiguration;
			buildSettings = {
				CODE_SIGN_STYLE = Automatic;
				DEVELOPMENT_TEAM = 3YBGBD28J6;
				INFOPLIST_FILE = LetsGoSNUITests/Info.plist;
				LD_RUNPATH_SEARCH_PATHS = (
					"$(inherited)",
					"@executable_path/Frameworks",
					"@loader_path/Frameworks",
				);
				PRODUCT_BUNDLE_IDENTIFIER = com.mantou.LetsGoSNUITests;
				PRODUCT_NAME = "$(TARGET_NAME)";
				TARGETED_DEVICE_FAMILY = "1,2";
				TEST_TARGET_NAME = LetsGoSN;
			};
			name = Release;
		};
/* End XCBuildConfiguration section */

/* Begin XCConfigurationList section */
		AAB2A718254671EA0038AF7D /* Build configuration list for PBXProject "LetsGoSN" */ = {
			isa = XCConfigurationList;
			buildConfigurations = (
				AAB2A74A254671EC0038AF7D /* Debug */,
				AAB2A74B254671EC0038AF7D /* Release */,
			);
			defaultConfigurationIsVisible = 0;
			defaultConfigurationName = Release;
		};
		AAB2A74C254671EC0038AF7D /* Build configuration list for PBXNativeTarget "LetsGoSN" */ = {
			isa = XCConfigurationList;
			buildConfigurations = (
				AAB2A74D254671EC0038AF7D /* Debug */,
				AAB2A74E254671EC0038AF7D /* Release */,
			);
			defaultConfigurationIsVisible = 0;
			defaultConfigurationName = Release;
		};
		AAB2A74F254671EC0038AF7D /* Build configuration list for PBXNativeTarget "LetsGoSNTests" */ = {
			isa = XCConfigurationList;
			buildConfigurations = (
				AAB2A750254671EC0038AF7D /* Debug */,
				AAB2A751254671EC0038AF7D /* Release */,
			);
			defaultConfigurationIsVisible = 0;
			defaultConfigurationName = Release;
		};
		AAB2A752254671EC0038AF7D /* Build configuration list for PBXNativeTarget "LetsGoSNUITests" */ = {
			isa = XCConfigurationList;
			buildConfigurations = (
				AAB2A753254671EC0038AF7D /* Debug */,
				AAB2A754254671EC0038AF7D /* Release */,
			);
			defaultConfigurationIsVisible = 0;
			defaultConfigurationName = Release;
		};
/* End XCConfigurationList section */
	};
	rootObject = AAB2A715254671EA0038AF7D /* Project object */;
}
